
Microsoft Visual Studio Solution File, Format Version 12.00
# 
Project("{2150E333-8FDC-42A3-9474-1A3956D46DE8}") = "Domain", "Domain", "{2A11FB5C-C467-428F-AC53-64ABA5177F85}"
EndProject
Project("{2150E333-8FDC-42A3-9474-1A3956D46DE8}") = "Application", "Application", "{98B7DECE-4622-4FE1-9C02-A57F323E32F1}"
EndProject
Project("{2150E333-8FDC-42A3-9474-1A3956D46DE8}") = "Presentation", "Presentation", "{1E8D3BE7-C97F-4897-96B4-A211B16877CB}"
EndProject
Project("{2150E333-8FDC-42A3-9474-1A3956D46DE8}") = "WebApp", "WebApp", "{9502645E-0EFB-4ECD-A848-2841FB0AF1CE}"
EndProject
Project("{2150E333-8FDC-42A3-9474-1A3956D46DE8}") = "Infrastructure", "Infrastructure", "{1D39DE61-1356-4D43-A0F8-A0EE7BBB499F}"
EndProject
Project("{FAE04EC0-301F-11D3-BF4B-00C04F79EFBC}") = "VIP_GATERING.Domain", "src\VIP_GATERING.Domain\VIP_GATERING.Domain.csproj", "{00BF74C5-C8D5-4FD7-A736-19CBC1A7DB97}"
EndProject
Project("{FAE04EC0-301F-11D3-BF4B-00C04F79EFBC}") = "VIP_GATERING.Application", "src\VIP_GATERING.Application\VIP_GATERING.Application.csproj", "{2F15AF4B-4A1F-4E4B-AA81-2BBA2B5E9310}"
EndProject
Project("{FAE04EC0-301F-11D3-BF4B-00C04F79EFBC}") = "VIP_GATERING.Infrastructure", "src\VIP_GATERING.Infrastructure\VIP_GATERING.Infrastructure.csproj", "{2E05F87B-23C7-499E-8774-9525A801A53B}"
EndProject
Project("{FAE04EC0-301F-11D3-BF4B-00C04F79EFBC}") = "VIP_GATERING.WebUI", "src\VIP_GATERING.WebUI\VIP_GATERING.WebUI.csproj", "{E72962D9-798A-458D-A68A-5602F0419821}"
EndProject
Project("{2150E333-8FDC-42A3-9474-1A3956D46DE8}") = "Tests", "Tests", "{9BA9116E-A0DF-45EE-9421-EC7267C83A32}"
EndProject
Project("{FAE04EC0-301F-11D3-BF4B-00C04F79EFBC}") = "VIP_GATERING.Tests", "src\VIP_GATERING.Tests\VIP_GATERING.Tests.csproj", "{5D09D05F-AE84-4E53-AD4D-5EEE435DEA9E}"
EndProject
Global
	GlobalSection(SolutionConfigurationPlatforms) = preSolution
		Debug|Any CPU = Debug|Any CPU
		Release|Any CPU = Release|Any CPU
	EndGlobalSection
	GlobalSection(NestedProjects) = preSolution
		{9502645E-0EFB-4ECD-A848-2841FB0AF1CE} = {1E8D3BE7-C97F-4897-96B4-A211B16877CB}
		{00BF74C5-C8D5-4FD7-A736-19CBC1A7DB97} = {2A11FB5C-C467-428F-AC53-64ABA5177F85}
		{2F15AF4B-4A1F-4E4B-AA81-2BBA2B5E9310} = {98B7DECE-4622-4FE1-9C02-A57F323E32F1}
		{2E05F87B-23C7-499E-8774-9525A801A53B} = {1D39DE61-1356-4D43-A0F8-A0EE7BBB499F}
		{E72962D9-798A-458D-A68A-5602F0419821} = {9502645E-0EFB-4ECD-A848-2841FB0AF1CE}
		{5D09D05F-AE84-4E53-AD4D-5EEE435DEA9E} = {9BA9116E-A0DF-45EE-9421-EC7267C83A32}
	EndGlobalSection
	GlobalSection(ProjectConfigurationPlatforms) = postSolution
		{00BF74C5-C8D5-4FD7-A736-19CBC1A7DB97}.Debug|Any CPU.ActiveCfg = Debug|Any CPU
		{00BF74C5-C8D5-4FD7-A736-19CBC1A7DB97}.Debug|Any CPU.Build.0 = Debug|Any CPU
		{00BF74C5-C8D5-4FD7-A736-19CBC1A7DB97}.Release|Any CPU.ActiveCfg = Release|Any CPU
		{00BF74C5-C8D5-4FD7-A736-19CBC1A7DB97}.Release|Any CPU.Build.0 = Release|Any CPU
		{2F15AF4B-4A1F-4E4B-AA81-2BBA2B5E9310}.Debug|Any CPU.ActiveCfg = Debug|Any CPU
		{2F15AF4B-4A1F-4E4B-AA81-2BBA2B5E9310}.Debug|Any CPU.Build.0 = Debug|Any CPU
		{2F15AF4B-4A1F-4E4B-AA81-2BBA2B5E9310}.Release|Any CPU.ActiveCfg = Release|Any CPU
		{2F15AF4B-4A1F-4E4B-AA81-2BBA2B5E9310}.Release|Any CPU.Build.0 = Release|Any CPU
		{2E05F87B-23C7-499E-8774-9525A801A53B}.Debug|Any CPU.ActiveCfg = Debug|Any CPU
		{2E05F87B-23C7-499E-8774-9525A801A53B}.Debug|Any CPU.Build.0 = Debug|Any CPU
		{2E05F87B-23C7-499E-8774-9525A801A53B}.Release|Any CPU.ActiveCfg = Release|Any CPU
		{2E05F87B-23C7-499E-8774-9525A801A53B}.Release|Any CPU.Build.0 = Release|Any CPU
		{E72962D9-798A-458D-A68A-5602F0419821}.Debug|Any CPU.ActiveCfg = Debug|Any CPU
		{E72962D9-798A-458D-A68A-5602F0419821}.Debug|Any CPU.Build.0 = Debug|Any CPU
		{E72962D9-798A-458D-A68A-5602F0419821}.Release|Any CPU.ActiveCfg = Release|Any CPU
		{E72962D9-798A-458D-A68A-5602F0419821}.Release|Any CPU.Build.0 = Release|Any CPU
		{5D09D05F-AE84-4E53-AD4D-5EEE435DEA9E}.Debug|Any CPU.ActiveCfg = Debug|Any CPU
		{5D09D05F-AE84-4E53-AD4D-5EEE435DEA9E}.Debug|Any CPU.Build.0 = Debug|Any CPU
		{5D09D05F-AE84-4E53-AD4D-5EEE435DEA9E}.Release|Any CPU.ActiveCfg = Release|Any CPU
		{5D09D05F-AE84-4E53-AD4D-5EEE435DEA9E}.Release|Any CPU.Build.0 = Release|Any CPU
	EndGlobalSection
EndGlobal
